<?xml version="1.0" encoding="utf-8"?>
<Project ToolsVersion="4.0" xmlns="http://schemas.microsoft.com/developer/msbuild/2003">
  <ItemGroup>
    <ClCompile Include="..\src\BaseAudioFile.cpp">
      <Filter>Source</Filter>
    </ClCompile>
    <ClCompile Include="..\src\FrameLib_RandGen.cpp">
      <Filter>Source</Filter>
    </ClCompile>
    <ClCompile Include="..\src\Granular.cpp">
      <Filter>Source</Filter>
    </ClCompile>
    <ClCompile Include="..\src\IAudioFile.cpp">
      <Filter>Source</Filter>
    </ClCompile>
    <ClCompile Include="..\src\Waveform.cpp">
      <Filter>Source</Filter>
    </ClCompile>
    <ClCompile Include="..\HISSToolsGranular.cpp" />
    <ClCompile Include="..\..\..\IPlug\IPlugVST.cpp">
      <Filter>IPlug</Filter>
    </ClCompile>
    <ClCompile Include="..\..\..\IPlug\IGraphics\IControl.cpp">
      <Filter>IPlug\IGraphics</Filter>
    </ClCompile>
    <ClCompile Include="..\..\..\IPlug\IGraphics\IControls.cpp">
      <Filter>IPlug\IGraphics</Filter>
    </ClCompile>
    <ClCompile Include="..\..\..\IPlug\IGraphics\IGraphicsWin.cpp">
      <Filter>IPlug\IGraphics</Filter>
    </ClCompile>
    <ClCompile Include="..\..\..\IPlug\IGraphics\IGraphics.cpp">
      <Filter>IPlug\IGraphics</Filter>
    </ClCompile>
    <ClCompile Include="..\..\..\IPlug\IGraphics\IGraphicsLice.cpp">
      <Filter>IPlug\IGraphics</Filter>
    </ClCompile>
    <ClCompile Include="..\..\..\IPlug\IPlugParameter.cpp">
      <Filter>IPlug</Filter>
    </ClCompile>
    <ClCompile Include="..\..\..\IPlug\IPlugBase.cpp">
      <Filter>IPlug</Filter>
    </ClCompile>
    <ClCompile Include="..\..\..\IPlug\IPlugBaseGraphics.cpp">
      <Filter>IPlug</Filter>
    </ClCompile>
  </ItemGroup>
  <ItemGroup>
    <ClInclude Include="..\..\IPlug\IPlug_include_in_plug_hdr.h">
      <Filter>IPlug</Filter>
    </ClInclude>
    <ClInclude Include="..\..\IPlug\IPlug_include_in_plug_src.h">
      <Filter>IPlug</Filter>
    </ClInclude>
    <ClInclude Include="..\..\IPlug\IPlugByteChunk.h">
      <Filter>IPlug</Filter>
    </ClInclude>
    <ClInclude Include="..\..\IPlug\IPlugConstants.h">
      <Filter>IPlug</Filter>
    </ClInclude>
    <ClInclude Include="..\..\IPlug\IPlugOSDetect.h">
      <Filter>IPlug</Filter>
    </ClInclude>
    <ClInclude Include="..\..\IPlug\IGraphics\IAutoGUI.h">
      <Filter>IPlug\IGraphics</Filter>
    </ClInclude>
    <ClInclude Include="..\..\IPlug\IGraphics\IBitmapMonoText.h">
      <Filter>IPlug\IGraphics</Filter>
    </ClInclude>
    <ClInclude Include="..\..\IPlug\IGraphics\IControl.h">
      <Filter>IPlug\IGraphics</Filter>
    </ClInclude>
    <ClInclude Include="..\..\IPlug\IGraphics\IGraphics.h">
      <Filter>IPlug\IGraphics</Filter>
    </ClInclude>
    <ClInclude Include="..\..\IPlug\IGraphics\IGraphicsLice.h">
      <Filter>IPlug\IGraphics</Filter>
    </ClInclude>
    <ClInclude Include="..\..\IPlug\IGraphics\IGraphicsUtilites.h">
      <Filter>IPlug\IGraphics</Filter>
    </ClInclude>
    <ClInclude Include="..\..\IPlug\IGraphics\IGraphicsWin.h">
      <Filter>IPlug\IGraphics</Filter>
    </ClInclude>
    <ClInclude Include="..\..\IPlug\IGraphics\IControls.h">
      <Filter>IPlug\IGraphics</Filter>
    </ClInclude>
    <ClInclude Include="..\src\BaseAudioFile.h">
      <Filter>Source</Filter>
    </ClInclude>
    <ClInclude Include="..\src\Buffer.h">
      <Filter>Source</Filter>
    </ClInclude>
    <ClInclude Include="..\src\FrameLib_RandGen.h">
      <Filter>Source</Filter>
    </ClInclude>
    <ClInclude Include="..\src\Granular.h">
      <Filter>Source</Filter>
    </ClInclude>
    <ClInclude Include="..\src\IAudioFile.h">
      <Filter>Source</Filter>
    </ClInclude>
    <ClInclude Include="..\src\Interpolation.hpp">
      <Filter>Source</Filter>
    </ClInclude>
    <ClInclude Include="..\src\List.h">
      <Filter>Source</Filter>
    </ClInclude>
    <ClInclude Include="..\src\Nonlinear.h">
      <Filter>Source</Filter>
    </ClInclude>
    <ClInclude Include="..\src\SallenAndKey.h">
      <Filter>Source</Filter>
    </ClInclude>
    <ClInclude Include="..\src\SIMDSupport.hpp">
      <Filter>Source</Filter>
    </ClInclude>
    <ClInclude Include="..\src\TableReader.hpp">
      <Filter>Source</Filter>
    </ClInclude>
    <ClInclude Include="..\src\Waveform.h">
      <Filter>Source</Filter>
    </ClInclude>
    <ClInclude Include="..\src\WindowFunctions.hpp">
      <Filter>Source</Filter>
    </ClInclude>
    <ClInclude Include="HISSToolsGranular.h" />
    <ClInclude Include="..\..\..\IPlug\IMidiQueue.h">
      <Filter>IPlug</Filter>
    </ClInclude>
    <ClInclude Include="..\..\..\IPlug\IParam.h">
      <Filter>IPlug</Filter>
    </ClInclude>
    <ClInclude Include="..\..\..\IPlug\IPlugStructs.h">
      <Filter>IPlug</Filter>
    </ClInclude>
    <ClInclude Include="..\..\..\IPlug\IPlugVST.h">
      <Filter>IPlug</Filter>
    </ClInclude>
    <ClInclude Include="..\..\..\IPlug\IPlugUtilities.h">
      <Filter>IPlug</Filter>
    </ClInclude>
    <ClInclude Include="..\..\..\IPlug\NChanDelay.h">
      <Filter>IPlug</Filter>
    </ClInclude>
    <ClInclude Include="..\..\..\IPlug\IGraphics\IGraphicsConstants.h">
      <Filter>IPlug\IGraphics</Filter>
    </ClInclude>
    <ClInclude Include="..\..\..\IPlug\IPlugBase.h">
      <Filter>IPlug</Filter>
    </ClInclude>
    <ClInclude Include="..\..\..\IPlug\IGraphics\IGraphicsStructs.h">
      <Filter>IPlug\IGraphics</Filter>
    </ClInclude>
    <ClInclude Include="..\config.h" />
  </ItemGroup>
  <ItemGroup>
    <ResourceCompile Include="..\resources\HISSToolsGranular.rc" />
  </ItemGroup>
  <ItemGroup>
    <Filter Include="IPlug">
      <UniqueIdentifier>{20cdefb5-7c25-480a-824a-67a1c597035b}</UniqueIdentifier>
    </Filter>
    <Filter Include="IPlug\IGraphics">
      <UniqueIdentifier>{9b561d73-ccef-473f-80cc-e24ba67ea10d}</UniqueIdentifier>
    </Filter>
    <Filter Include="Source">
      <UniqueIdentifier>{436d905c-83e8-4cc7-bb66-3cf25db925cf}</UniqueIdentifier>
    </Filter>
  </ItemGroup>
</Project>